
Microsoft Visual Studio Solution File, Format Version 12.00
# Visual Studio Version 17
VisualStudioVersion = 17.5.33530.505
MinimumVisualStudioVersion = 10.0.40219.1
Project("{8BC9CEB8-8B4A-11D0-8D11-00A0C91BC942}") = "TextureConverter", "TextureConverter.vcxproj", "{64B4AFAA-2C59-41B2-9682-A3BD6E6D4FE2}"
EndProject
Project("{8BC9CEB8-8B4A-11D0-8D11-00A0C91BC942}") = "DirectXTex", "DirectXTex\DirectXTex_Desktop_2022_Win10.vcxproj", "{371B9FA9-4C90-4AC6-A123-ACED756D6C77}"
EndProject
Global
	GlobalSection(SolutionConfigurationPlatforms) = preSolution
		Debug|ARM = Debug|ARM
		Debug|x64 = Debug|x64
		Profile|ARM = Profile|ARM
		Profile|x64 = Profile|x64
		Release|ARM = Release|ARM
		Release|x64 = Release|x64
	EndGlobalSection
	GlobalSection(ProjectConfigurationPlatforms) = postSolution
		{64B4AFAA-2C59-41B2-9682-A3BD6E6D4FE2}.Debug|ARM.ActiveCfg = Debug|x64
		{64B4AFAA-2C59-41B2-9682-A3BD6E6D4FE2}.Debug|ARM.Build.0 = Debug|x64
		{64B4AFAA-2C59-41B2-9682-A3BD6E6D4FE2}.Debug|x64.ActiveCfg = Debug|x64
		{64B4AFAA-2C59-41B2-9682-A3BD6E6D4FE2}.Debug|x64.Build.0 = Debug|x64
		{64B4AFAA-2C59-41B2-9682-A3BD6E6D4FE2}.Profile|ARM.ActiveCfg = Release|x64
		{64B4AFAA-2C59-41B2-9682-A3BD6E6D4FE2}.Profile|ARM.Build.0 = Release|x64
		{64B4AFAA-2C59-41B2-9682-A3BD6E6D4FE2}.Profile|x64.ActiveCfg = Release|x64
		{64B4AFAA-2C59-41B2-9682-A3BD6E6D4FE2}.Profile|x64.Build.0 = Release|x64
		{64B4AFAA-2C59-41B2-9682-A3BD6E6D4FE2}.Release|ARM.ActiveCfg = Release|x64
		{64B4AFAA-2C59-41B2-9682-A3BD6E6D4FE2}.Release|ARM.Build.0 = Release|x64
		{64B4AFAA-2C59-41B2-9682-A3BD6E6D4FE2}.Release|x64.ActiveCfg = Release|x64
		{64B4AFAA-2C59-41B2-9682-A3BD6E6D4FE2}.Release|x64.Build.0 = Release|x64
		{371B9FA9-4C90-4AC6-A123-ACED756D6C77}.Debug|ARM.ActiveCfg = Debug|x64
		{371B9FA9-4C90-4AC6-A123-ACED756D6C77}.Debug|ARM.Build.0 = Debug|x64
		{371B9FA9-4C90-4AC6-A123-ACED756D6C77}.Debug|x64.ActiveCfg = Debug|x64
		{371B9FA9-4C90-4AC6-A123-ACED756D6C77}.Debug|x64.Build.0 = Debug|x64
		{371B9FA9-4C90-4AC6-A123-ACED756D6C77}.Profile|ARM.ActiveCfg = Profile|x64
		{371B9FA9-4C90-4AC6-A123-ACED756D6C77}.Profile|ARM.Build.0 = Profile|x64
		{371B9FA9-4C90-4AC6-A123-ACED756D6C77}.Profile|x64.ActiveCfg = Profile|x64
		{371B9FA9-4C90-4AC6-A123-ACED756D6C77}.Profile|x64.Build.0 = Profile|x64
		{371B9FA9-4C90-4AC6-A123-ACED756D6C77}.Release|ARM.ActiveCfg = Release|x64
		{371B9FA9-4C90-4AC6-A123-ACED756D6C77}.Release|ARM.Build.0 = Release|x64
		{371B9FA9-4C90-4AC6-A123-ACED756D6C77}.Release|x64.ActiveCfg = Release|x64
		{371B9FA9-4C90-4AC6-A123-ACED756D6C77}.Release|x64.Build.0 = Release|x64
	EndGlobalSection
	GlobalSection(SolutionProperties) = preSolution
		HideSolutionNode = FALSE
	EndGlobalSection
	GlobalSection(ExtensibilityGlobals) = postSolution
		SolutionGuid = {4F48E5C5-67BE-412E-B8EE-39B81F3B09C6}
	EndGlobalSection
EndGlobal
